<?xml version="1.0" encoding="utf-8"?>
<Project ToolsVersion="4.0" xmlns="http://schemas.microsoft.com/developer/msbuild/2003">
  <ItemGroup>
    <Filter Include="Source Files">
      <UniqueIdentifier>{4FC737F1-C7A5-4376-A066-2A32D752A2FF}</UniqueIdentifier>
      <Extensions>cpp;c;cc;cxx;def;odl;idl;hpj;bat;asm;asmx</Extensions>
    </Filter>
    <Filter Include="Header Files">
      <UniqueIdentifier>{93995380-89BD-4b04-88EB-625FBE52EBFB}</UniqueIdentifier>
      <Extensions>h;hh;hpp;hxx;hm;inl;inc;xsd</Extensions>
    </Filter>
    <Filter Include="Resource Files">
      <UniqueIdentifier>{67DA6AB6-F800-4c08-8B7A-83BB121AAD01}</UniqueIdentifier>
      <Extensions>rc;ico;cur;bmp;dlg;rc2;rct;bin;rgs;gif;jpg;jpeg;jpe;resx;tiff;tif;png;wav;mfcribbon-ms</Extensions>
    </Filter>
    <Filter Include="Math">
      <UniqueIdentifier>{9b02825b-1bba-498f-b6eb-bbea98079588}</UniqueIdentifier>
    </Filter>
    <Filter Include="Shaders">
      <UniqueIdentifier>{cf97b745-fd5c-4533-b81a-a2653c6b2de9}</UniqueIdentifier>
    </Filter>
    <Filter Include="Interpolation">
      <UniqueIdentifier>{3761f5f1-c39c-4088-8db9-65af81dd8b78}</UniqueIdentifier>
    </Filter>
    <Filter Include="Physics">
      <UniqueIdentifier>{1cfc6713-dfad-44ce-bc57-cb9adc5a6ccb}</UniqueIdentifier>
    </Filter>
  </ItemGroup>
  <ItemGroup>
    <ClCompile Include="Main.cpp">
      <Filter>Source Files</Filter>
    </ClCompile>
    <ClCompile Include="Framework.cpp">
      <Filter>Source Files</Filter>
    </ClCompile>
    <ClCompile Include="Shader.cpp">
      <Filter>Source Files</Filter>
    </ClCompile>
    <ClCompile Include="Camera.cpp">
      <Filter>Source Files</Filter>
    </ClCompile>
    <ClCompile Include="Renderer.cpp">
      <Filter>Source Files</Filter>
    </ClCompile>
    <ClCompile Include="Skinnedmesh.cpp">
      <Filter>Source Files</Filter>
    </ClCompile>
    <ClCompile Include="Texture.cpp">
      <Filter>Source Files</Filter>
    </ClCompile>
    <ClCompile Include="Image.cpp">
      <Filter>Source Files</Filter>
    </ClCompile>
    <ClCompile Include="Math/Transformation.cpp">
      <Filter>Math</Filter>
    </ClCompile>
    <ClCompile Include="Math/Vector2.cpp">
      <Filter>Math</Filter>
    </ClCompile>
    <ClCompile Include="Math/Vector3.cpp">
      <Filter>Math</Filter>
    </ClCompile>
    <ClCompile Include="Math/Vector4.cpp">
      <Filter>Math</Filter>
    </ClCompile>
    <ClCompile Include="Math/Math.cpp">
      <Filter>Math</Filter>
    </ClCompile>
    <ClCompile Include="Math/Matrix4.cpp">
      <Filter>Math</Filter>
    </ClCompile>
    <ClCompile Include="Math/Quaternion.cpp">
      <Filter>Math</Filter>
    </ClCompile>
    <ClCompile Include="Math\Interpolation\CRSpline.cpp">
      <Filter>Interpolation</Filter>
    </ClCompile>
    <ClCompile Include="Curve.cpp">
      <Filter>Source Files</Filter>
    </ClCompile>
    <ClCompile Include="ArcLengthPair.cpp">
      <Filter>Source Files</Filter>
    </ClCompile>
    <ClCompile Include="CurvePointPair.cpp">
      <Filter>Source Files</Filter>
    </ClCompile>
    <ClCompile Include="Animation.cpp">
      <Filter>Source Files</Filter>
    </ClCompile>
    <ClCompile Include="Mesh.cpp">
      <Filter>Source Files</Filter>
    </ClCompile>
    <ClCompile Include="Model.cpp">
      <Filter>Source Files</Filter>
    </ClCompile>
    <ClCompile Include="Node.cpp">
      <Filter>Source Files</Filter>
    </ClCompile>
    <ClCompile Include="EulerSemiImplicit.cpp">
      <Filter>Physics</Filter>
    </ClCompile>
    <ClCompile Include="ParticleSpring.cpp">
      <Filter>Physics</Filter>
    </ClCompile>
    <ClCompile Include="ParticleForceRegistry.cpp">
      <Filter>Physics</Filter>
    </ClCompile>
    <ClCompile Include="ParticleGravity.cpp">
      <Filter>Physics</Filter>
    </ClCompile>
    <ClCompile Include="Particle.cpp">
      <Filter>Physics</Filter>
    </ClCompile>
    <ClCompile Include="ParticleAnchoredSpring.cpp">
      <Filter>Physics</Filter>
    </ClCompile>
  </ItemGroup>
  <ItemGroup>
    <ClInclude Include="OpenglGL.h">
      <Filter>Header Files</Filter>
    </ClInclude>
    <ClInclude Include="Framework.h">
      <Filter>Header Files</Filter>
    </ClInclude>
    <ClInclude Include="Shader.h">
      <Filter>Header Files</Filter>
    </ClInclude>
    <ClInclude Include="Camera.h">
      <Filter>Header Files</Filter>
    </ClInclude>
    <ClInclude Include="Renderer.h">
      <Filter>Header Files</Filter>
    </ClInclude>
    <ClInclude Include="Skinnedmesh.h">
      <Filter>Header Files</Filter>
    </ClInclude>
    <ClInclude Include="Texture.h">
      <Filter>Header Files</Filter>
    </ClInclude>
    <ClInclude Include="Common.hpp">
      <Filter>Header Files</Filter>
    </ClInclude>
    <ClInclude Include="Image.h">
      <Filter>Header Files</Filter>
    </ClInclude>
    <ClInclude Include="Quaternion.h">
      <Filter>Math</Filter>
    </ClInclude>
    <ClInclude Include="glfw.h">
      <Filter>Header Files</Filter>
    </ClInclude>
    <ClInclude Include="Math/Transformation.h">
      <Filter>Math</Filter>
    </ClInclude>
    <ClInclude Include="Math/Vector2.h">
      <Filter>Math</Filter>
    </ClInclude>
    <ClInclude Include="Math/Vector3.h">
      <Filter>Math</Filter>
    </ClInclude>
    <ClInclude Include="Math/Vector4.h">
      <Filter>Math</Filter>
    </ClInclude>
    <ClInclude Include="Math/Math.h">
      <Filter>Math</Filter>
    </ClInclude>
    <ClInclude Include="Math/Matrix4.h">
      <Filter>Math</Filter>
    </ClInclude>
    <ClInclude Include="Math\Interpolation\CRSpline.h">
      <Filter>Interpolation</Filter>
    </ClInclude>
    <ClInclude Include="Curve.h">
      <Filter>Header Files</Filter>
    </ClInclude>
    <ClInclude Include="ArcLengthPair.h">
      <Filter>Header Files</Filter>
    </ClInclude>
    <ClInclude Include="CurvePointPair.h">
      <Filter>Header Files</Filter>
    </ClInclude>
    <ClInclude Include="Animation.h">
      <Filter>Header Files</Filter>
    </ClInclude>
    <ClInclude Include="Mesh.h">
      <Filter>Header Files</Filter>
    </ClInclude>
    <ClInclude Include="Math\Quaternion.h">
      <Filter>Math</Filter>
    </ClInclude>
    <ClInclude Include="Model.h">
      <Filter>Header Files</Filter>
    </ClInclude>
    <ClInclude Include="Node.h">
      <Filter>Header Files</Filter>
    </ClInclude>
    <ClInclude Include="ParticleForceGenerator.h">
      <Filter>Physics</Filter>
    </ClInclude>
    <ClInclude Include="ParticleSpring.h">
      <Filter>Physics</Filter>
    </ClInclude>
    <ClInclude Include="Integrator.h">
      <Filter>Physics</Filter>
    </ClInclude>
    <ClInclude Include="EulerSemiImplicit.h">
      <Filter>Physics</Filter>
    </ClInclude>
    <ClInclude Include="ParticleForceRegistry.h">
      <Filter>Physics</Filter>
    </ClInclude>
    <ClInclude Include="ParticleGravity.h">
      <Filter>Physics</Filter>
    </ClInclude>
    <ClInclude Include="Particle.h">
      <Filter>Physics</Filter>
    </ClInclude>
    <ClInclude Include="ParticleAnchoredSpring.h">
      <Filter>Physics</Filter>
    </ClInclude>
  </ItemGroup>
  <ItemGroup>
    <None Include="Shaders\CurveFragmentShader.glsl">
      <Filter>Shaders</Filter>
    </None>
    <None Include="Shaders\CurveVertexShader.glsl">
      <Filter>Shaders</Filter>
    </None>
    <None Include="Shaders\BonesFragment.glsl">
      <Filter>Shaders</Filter>
    </None>
    <None Include="Shaders\BonesVertex.glsl">
      <Filter>Shaders</Filter>
    </None>
    <None Include="Shaders\fragmentShader.glsl">
      <Filter>Shaders</Filter>
    </None>
    <None Include="Shaders\vertexShader.glsl">
      <Filter>Shaders</Filter>
    </None>
    <None Include="Shaders\MeshFragmentShader.glsl">
      <Filter>Shaders</Filter>
    </None>
    <None Include="Shaders\MeshVertexShader.glsl">
      <Filter>Shaders</Filter>
    </None>
  </ItemGroup>
</Project>